
Microsoft Visual Studio Solution File, Format Version 12.00
# Visual Studio Version 17
VisualStudioVersion = 17.2.32526.322
MinimumVisualStudioVersion = 10.0.40219.1
Project("{9A19103F-16F7-4668-BE54-9A1E7A4F7556}") = "CharacterEditor", "CharacterEditor\CharacterEditor.csproj", "{21DD909E-FA57-453B-8E45-886211144C32}"
EndProject
Project("{FAE04EC0-301F-11D3-BF4B-00C04F79EFBC}") = "Characters", "Units\Characters.csproj", "{34488304-A414-4DE5-9F98-4E0EA9488365}"
EndProject
Global
	GlobalSection(SolutionConfigurationPlatforms) = preSolution
		Debug|Any CPU = Debug|Any CPU
		Release|Any CPU = Release|Any CPU
	EndGlobalSection
	GlobalSection(ProjectConfigurationPlatforms) = postSolution
		{21DD909E-FA57-453B-8E45-886211144C32}.Debug|Any CPU.ActiveCfg = Debug|Any CPU
		{21DD909E-FA57-453B-8E45-886211144C32}.Debug|Any CPU.Build.0 = Debug|Any CPU
		{21DD909E-FA57-453B-8E45-886211144C32}.Release|Any CPU.ActiveCfg = Release|Any CPU
		{21DD909E-FA57-453B-8E45-886211144C32}.Release|Any CPU.Build.0 = Release|Any CPU
		{34488304-A414-4DE5-9F98-4E0EA9488365}.Debug|Any CPU.ActiveCfg = Debug|Any CPU
		{34488304-A414-4DE5-9F98-4E0EA9488365}.Debug|Any CPU.Build.0 = Debug|Any CPU
		{34488304-A414-4DE5-9F98-4E0EA9488365}.Release|Any CPU.ActiveCfg = Release|Any CPU
		{34488304-A414-4DE5-9F98-4E0EA9488365}.Release|Any CPU.Build.0 = Release|Any CPU
	EndGlobalSection
	GlobalSection(SolutionProperties) = preSolution
		HideSolutionNode = FALSE
	EndGlobalSection
	GlobalSection(ExtensibilityGlobals) = postSolution
		SolutionGuid = {5676CF5F-8C98-48B1-8A00-5348FF0BCADF}
	EndGlobalSection
EndGlobal
