
Microsoft Visual Studio Solution File, Format Version 12.00
Project("{FAE04EC0-301F-11D3-BF4B-00C04F79EFBC}") = "ServiceApp", "ServiceApp\ServiceApp.csproj", "{336EEA3B-38BD-44E2-B1DC-480B4AF03077}"
EndProject
Global
	GlobalSection(SolutionConfigurationPlatforms) = preSolution
		Debug|Any CPU = Debug|Any CPU
		Release|Any CPU = Release|Any CPU
	EndGlobalSection
	GlobalSection(ProjectConfigurationPlatforms) = postSolution
		{336EEA3B-38BD-44E2-B1DC-480B4AF03077}.Debug|Any CPU.ActiveCfg = Debug|Any CPU
		{336EEA3B-38BD-44E2-B1DC-480B4AF03077}.Debug|Any CPU.Build.0 = Debug|Any CPU
		{336EEA3B-38BD-44E2-B1DC-480B4AF03077}.Release|Any CPU.ActiveCfg = Release|Any CPU
		{336EEA3B-38BD-44E2-B1DC-480B4AF03077}.Release|Any CPU.Build.0 = Release|Any CPU
	EndGlobalSection
EndGlobal
