
Microsoft Visual Studio Solution File, Format Version 12.00
Project("{FAE04EC0-301F-11D3-BF4B-00C04F79EFBC}") = "Warcraft.Console", "Warcraft.Console\Warcraft.Console.csproj", "{07A223BC-43CF-4FEE-BA54-10E3C88B566A}"
EndProject
Project("{FAE04EC0-301F-11D3-BF4B-00C04F79EFBC}") = "Warcraft.Core", "Warcraft.Core\Warcraft.Core.csproj", "{D2D7D6F2-348E-43B0-8B89-77838BD47462}"
EndProject
Global
	GlobalSection(SolutionConfigurationPlatforms) = preSolution
		Debug|Any CPU = Debug|Any CPU
		Release|Any CPU = Release|Any CPU
	EndGlobalSection
	GlobalSection(ProjectConfigurationPlatforms) = postSolution
		{07A223BC-43CF-4FEE-BA54-10E3C88B566A}.Debug|Any CPU.ActiveCfg = Debug|Any CPU
		{07A223BC-43CF-4FEE-BA54-10E3C88B566A}.Debug|Any CPU.Build.0 = Debug|Any CPU
		{07A223BC-43CF-4FEE-BA54-10E3C88B566A}.Release|Any CPU.ActiveCfg = Release|Any CPU
		{07A223BC-43CF-4FEE-BA54-10E3C88B566A}.Release|Any CPU.Build.0 = Release|Any CPU
		{D2D7D6F2-348E-43B0-8B89-77838BD47462}.Debug|Any CPU.ActiveCfg = Debug|Any CPU
		{D2D7D6F2-348E-43B0-8B89-77838BD47462}.Debug|Any CPU.Build.0 = Debug|Any CPU
		{D2D7D6F2-348E-43B0-8B89-77838BD47462}.Release|Any CPU.ActiveCfg = Release|Any CPU
		{D2D7D6F2-348E-43B0-8B89-77838BD47462}.Release|Any CPU.Build.0 = Release|Any CPU
	EndGlobalSection
EndGlobal
