
Microsoft Visual Studio Solution File, Format Version 12.00
# Visual Studio Version 17
VisualStudioVersion = 17.1.32210.238
MinimumVisualStudioVersion = 10.0.40219.1
Project("{FAE04EC0-301F-11D3-BF4B-00C04F79EFBC}") = "Warcraft", "Warcraft\Warcraft.csproj", "{EE18732A-D4DC-4DF5-8503-1A81E4F30577}"
EndProject
Global
	GlobalSection(SolutionConfigurationPlatforms) = preSolution
		Debug|Any CPU = Debug|Any CPU
		Release|Any CPU = Release|Any CPU
	EndGlobalSection
	GlobalSection(ProjectConfigurationPlatforms) = postSolution
		{EE18732A-D4DC-4DF5-8503-1A81E4F30577}.Debug|Any CPU.ActiveCfg = Debug|Any CPU
		{EE18732A-D4DC-4DF5-8503-1A81E4F30577}.Debug|Any CPU.Build.0 = Debug|Any CPU
		{EE18732A-D4DC-4DF5-8503-1A81E4F30577}.Release|Any CPU.ActiveCfg = Release|Any CPU
		{EE18732A-D4DC-4DF5-8503-1A81E4F30577}.Release|Any CPU.Build.0 = Release|Any CPU
	EndGlobalSection
	GlobalSection(SolutionProperties) = preSolution
		HideSolutionNode = FALSE
	EndGlobalSection
	GlobalSection(ExtensibilityGlobals) = postSolution
		SolutionGuid = {7EED07A1-C635-419F-B94B-95B506E2A1F2}
	EndGlobalSection
EndGlobal
