
Microsoft Visual Studio Solution File, Format Version 12.00
# Visual Studio Version 17
VisualStudioVersion = 17.3.32825.248
MinimumVisualStudioVersion = 10.0.40219.1
Project("{9A19103F-16F7-4668-BE54-9A1E7A4F7556}") = "WarCraft", "WarCraft\WarCraft.csproj", "{5031CA4A-D590-499C-8FA5-67B0BE8FA749}"
EndProject
Project("{FAE04EC0-301F-11D3-BF4B-00C04F79EFBC}") = "Units", "Units\Units.csproj", "{94AF9220-4914-44E6-814D-EB76F47060DC}"
EndProject
Global
	GlobalSection(SolutionConfigurationPlatforms) = preSolution
		Debug|Any CPU = Debug|Any CPU
		Release|Any CPU = Release|Any CPU
	EndGlobalSection
	GlobalSection(ProjectConfigurationPlatforms) = postSolution
		{5031CA4A-D590-499C-8FA5-67B0BE8FA749}.Debug|Any CPU.ActiveCfg = Debug|Any CPU
		{5031CA4A-D590-499C-8FA5-67B0BE8FA749}.Debug|Any CPU.Build.0 = Debug|Any CPU
		{5031CA4A-D590-499C-8FA5-67B0BE8FA749}.Release|Any CPU.ActiveCfg = Release|Any CPU
		{5031CA4A-D590-499C-8FA5-67B0BE8FA749}.Release|Any CPU.Build.0 = Release|Any CPU
		{94AF9220-4914-44E6-814D-EB76F47060DC}.Debug|Any CPU.ActiveCfg = Debug|Any CPU
		{94AF9220-4914-44E6-814D-EB76F47060DC}.Debug|Any CPU.Build.0 = Debug|Any CPU
		{94AF9220-4914-44E6-814D-EB76F47060DC}.Release|Any CPU.ActiveCfg = Release|Any CPU
		{94AF9220-4914-44E6-814D-EB76F47060DC}.Release|Any CPU.Build.0 = Release|Any CPU
	EndGlobalSection
	GlobalSection(SolutionProperties) = preSolution
		HideSolutionNode = FALSE
	EndGlobalSection
	GlobalSection(ExtensibilityGlobals) = postSolution
		SolutionGuid = {E826F89C-8618-414F-8CC1-350CC225682C}
	EndGlobalSection
EndGlobal
