
Microsoft Visual Studio Solution File, Format Version 12.00
# Visual Studio Version 17
VisualStudioVersion = 17.1.32407.343
MinimumVisualStudioVersion = 10.0.40219.1
Project("{9A19103F-16F7-4668-BE54-9A1E7A4F7556}") = "FirstBlazorApp", "FirstBlazorApp\FirstBlazorApp.csproj", "{95EC28D9-C791-4724-AA59-AC85835A8E1C}"
EndProject
Global
	GlobalSection(SolutionConfigurationPlatforms) = preSolution
		Debug|Any CPU = Debug|Any CPU
		Release|Any CPU = Release|Any CPU
	EndGlobalSection
	GlobalSection(ProjectConfigurationPlatforms) = postSolution
		{95EC28D9-C791-4724-AA59-AC85835A8E1C}.Debug|Any CPU.ActiveCfg = Debug|Any CPU
		{95EC28D9-C791-4724-AA59-AC85835A8E1C}.Debug|Any CPU.Build.0 = Debug|Any CPU
		{95EC28D9-C791-4724-AA59-AC85835A8E1C}.Release|Any CPU.ActiveCfg = Release|Any CPU
		{95EC28D9-C791-4724-AA59-AC85835A8E1C}.Release|Any CPU.Build.0 = Release|Any CPU
	EndGlobalSection
	GlobalSection(SolutionProperties) = preSolution
		HideSolutionNode = FALSE
	EndGlobalSection
	GlobalSection(ExtensibilityGlobals) = postSolution
		SolutionGuid = {4FDAEF86-2E13-42FB-978E-941806F81165}
	EndGlobalSection
EndGlobal
