
Microsoft Visual Studio Solution File, Format Version 12.00
# Visual Studio Version 17
VisualStudioVersion = 17.2.32630.192
MinimumVisualStudioVersion = 10.0.40219.1
Project("{FAE04EC0-301F-11D3-BF4B-00C04F79EFBC}") = "UnitsEditor", "UnitsEditor\UnitsEditor.csproj", "{914B2584-1F87-4F75-ADD1-FE3B4CEC9723}"
EndProject
Project("{FAE04EC0-301F-11D3-BF4B-00C04F79EFBC}") = "UnitsEditorCore", "UnitsCharacters\UnitsEditorCore.csproj", "{035A689D-8524-4B28-9109-AF48654EA116}"
EndProject
Global
	GlobalSection(SolutionConfigurationPlatforms) = preSolution
		Debug|Any CPU = Debug|Any CPU
		Release|Any CPU = Release|Any CPU
	EndGlobalSection
	GlobalSection(ProjectConfigurationPlatforms) = postSolution
		{914B2584-1F87-4F75-ADD1-FE3B4CEC9723}.Debug|Any CPU.ActiveCfg = Debug|Any CPU
		{914B2584-1F87-4F75-ADD1-FE3B4CEC9723}.Debug|Any CPU.Build.0 = Debug|Any CPU
		{914B2584-1F87-4F75-ADD1-FE3B4CEC9723}.Release|Any CPU.ActiveCfg = Release|Any CPU
		{914B2584-1F87-4F75-ADD1-FE3B4CEC9723}.Release|Any CPU.Build.0 = Release|Any CPU
		{035A689D-8524-4B28-9109-AF48654EA116}.Debug|Any CPU.ActiveCfg = Debug|Any CPU
		{035A689D-8524-4B28-9109-AF48654EA116}.Debug|Any CPU.Build.0 = Debug|Any CPU
		{035A689D-8524-4B28-9109-AF48654EA116}.Release|Any CPU.ActiveCfg = Release|Any CPU
		{035A689D-8524-4B28-9109-AF48654EA116}.Release|Any CPU.Build.0 = Release|Any CPU
	EndGlobalSection
	GlobalSection(SolutionProperties) = preSolution
		HideSolutionNode = FALSE
	EndGlobalSection
	GlobalSection(ExtensibilityGlobals) = postSolution
		SolutionGuid = {1C860365-9A82-4105-BE88-D0EE1EE7B5E5}
	EndGlobalSection
EndGlobal
