
Microsoft Visual Studio Solution File, Format Version 12.00
# Visual Studio Version 17
VisualStudioVersion = 17.1.32210.238
MinimumVisualStudioVersion = 10.0.40219.1
Project("{FAE04EC0-301F-11D3-BF4B-00C04F79EFBC}") = "Weapons", "Weapons\Weapons.csproj", "{55BE05D3-0EAD-49E3-9189-393CF9262214}"
EndProject
Global
	GlobalSection(SolutionConfigurationPlatforms) = preSolution
		Debug|Any CPU = Debug|Any CPU
		Release|Any CPU = Release|Any CPU
	EndGlobalSection
	GlobalSection(ProjectConfigurationPlatforms) = postSolution
		{55BE05D3-0EAD-49E3-9189-393CF9262214}.Debug|Any CPU.ActiveCfg = Debug|Any CPU
		{55BE05D3-0EAD-49E3-9189-393CF9262214}.Debug|Any CPU.Build.0 = Debug|Any CPU
		{55BE05D3-0EAD-49E3-9189-393CF9262214}.Release|Any CPU.ActiveCfg = Release|Any CPU
		{55BE05D3-0EAD-49E3-9189-393CF9262214}.Release|Any CPU.Build.0 = Release|Any CPU
	EndGlobalSection
	GlobalSection(SolutionProperties) = preSolution
		HideSolutionNode = FALSE
	EndGlobalSection
	GlobalSection(ExtensibilityGlobals) = postSolution
		SolutionGuid = {95365FA3-BA7B-4836-B8EF-EE73CE8D6FA7}
	EndGlobalSection
EndGlobal
