
Microsoft Visual Studio Solution File, Format Version 12.00
# Visual Studio Version 17
VisualStudioVersion = 17.1.32328.378
MinimumVisualStudioVersion = 10.0.40219.1
Project("{FAE04EC0-301F-11D3-BF4B-00C04F79EFBC}") = "ConsoleWarcraft", "ConsoleWarcraft\ConsoleWarcraft.csproj", "{BF640C9E-42D0-4EC0-9523-B2C0A637C077}"
EndProject
Project("{FAE04EC0-301F-11D3-BF4B-00C04F79EFBC}") = "WarcraftLibrary", "WarcraftLibrary\WarcraftLibrary.csproj", "{FD6580CF-D09E-4F9D-B5C9-9D9B97913106}"
EndProject
Global
	GlobalSection(SolutionConfigurationPlatforms) = preSolution
		Debug|Any CPU = Debug|Any CPU
		Release|Any CPU = Release|Any CPU
	EndGlobalSection
	GlobalSection(ProjectConfigurationPlatforms) = postSolution
		{BF640C9E-42D0-4EC0-9523-B2C0A637C077}.Debug|Any CPU.ActiveCfg = Debug|Any CPU
		{BF640C9E-42D0-4EC0-9523-B2C0A637C077}.Debug|Any CPU.Build.0 = Debug|Any CPU
		{BF640C9E-42D0-4EC0-9523-B2C0A637C077}.Release|Any CPU.ActiveCfg = Release|Any CPU
		{BF640C9E-42D0-4EC0-9523-B2C0A637C077}.Release|Any CPU.Build.0 = Release|Any CPU
		{FD6580CF-D09E-4F9D-B5C9-9D9B97913106}.Debug|Any CPU.ActiveCfg = Debug|Any CPU
		{FD6580CF-D09E-4F9D-B5C9-9D9B97913106}.Debug|Any CPU.Build.0 = Debug|Any CPU
		{FD6580CF-D09E-4F9D-B5C9-9D9B97913106}.Release|Any CPU.ActiveCfg = Release|Any CPU
		{FD6580CF-D09E-4F9D-B5C9-9D9B97913106}.Release|Any CPU.Build.0 = Release|Any CPU
	EndGlobalSection
	GlobalSection(SolutionProperties) = preSolution
		HideSolutionNode = FALSE
	EndGlobalSection
	GlobalSection(ExtensibilityGlobals) = postSolution
		SolutionGuid = {8E54B1E2-7631-499A-968D-713C9AC39139}
	EndGlobalSection
EndGlobal
