
Microsoft Visual Studio Solution File, Format Version 12.00
# Visual Studio Version 17
VisualStudioVersion = 17.0.32014.148
MinimumVisualStudioVersion = 10.0.40219.1
Project("{FAE04EC0-301F-11D3-BF4B-00C04F79EFBC}") = "WeaponGame", "WeaponGame\WeaponGame.csproj", "{A0CEE175-BEFB-49C8-9A0C-50F171D0D070}"
EndProject
Project("{FAE04EC0-301F-11D3-BF4B-00C04F79EFBC}") = "WeaponGame_Core", "WeaponGame_Core\WeaponGame_Core.csproj", "{D96B7C54-1D5A-40FD-8F33-255F1B207B00}"
EndProject
Global
	GlobalSection(SolutionConfigurationPlatforms) = preSolution
		Debug|Any CPU = Debug|Any CPU
		Release|Any CPU = Release|Any CPU
	EndGlobalSection
	GlobalSection(ProjectConfigurationPlatforms) = postSolution
		{A0CEE175-BEFB-49C8-9A0C-50F171D0D070}.Debug|Any CPU.ActiveCfg = Debug|Any CPU
		{A0CEE175-BEFB-49C8-9A0C-50F171D0D070}.Debug|Any CPU.Build.0 = Debug|Any CPU
		{A0CEE175-BEFB-49C8-9A0C-50F171D0D070}.Release|Any CPU.ActiveCfg = Release|Any CPU
		{A0CEE175-BEFB-49C8-9A0C-50F171D0D070}.Release|Any CPU.Build.0 = Release|Any CPU
		{D96B7C54-1D5A-40FD-8F33-255F1B207B00}.Debug|Any CPU.ActiveCfg = Debug|Any CPU
		{D96B7C54-1D5A-40FD-8F33-255F1B207B00}.Debug|Any CPU.Build.0 = Debug|Any CPU
		{D96B7C54-1D5A-40FD-8F33-255F1B207B00}.Release|Any CPU.ActiveCfg = Release|Any CPU
		{D96B7C54-1D5A-40FD-8F33-255F1B207B00}.Release|Any CPU.Build.0 = Release|Any CPU
	EndGlobalSection
	GlobalSection(SolutionProperties) = preSolution
		HideSolutionNode = FALSE
	EndGlobalSection
	GlobalSection(ExtensibilityGlobals) = postSolution
		SolutionGuid = {675EC9B8-E65E-491D-BAB0-F42C3B39118B}
	EndGlobalSection
EndGlobal
