
Microsoft Visual Studio Solution File, Format Version 12.00
# Visual Studio Version 17
VisualStudioVersion = 17.2.32526.322
MinimumVisualStudioVersion = 10.0.40219.1
Project("{FAE04EC0-301F-11D3-BF4B-00C04F79EFBC}") = "W3", "W3\W3.csproj", "{B26D53BF-97F0-4100-AED9-366A42D0E24B}"
EndProject
Global
	GlobalSection(SolutionConfigurationPlatforms) = preSolution
		Debug|Any CPU = Debug|Any CPU
		Release|Any CPU = Release|Any CPU
	EndGlobalSection
	GlobalSection(ProjectConfigurationPlatforms) = postSolution
		{B26D53BF-97F0-4100-AED9-366A42D0E24B}.Debug|Any CPU.ActiveCfg = Debug|Any CPU
		{B26D53BF-97F0-4100-AED9-366A42D0E24B}.Debug|Any CPU.Build.0 = Debug|Any CPU
		{B26D53BF-97F0-4100-AED9-366A42D0E24B}.Release|Any CPU.ActiveCfg = Release|Any CPU
		{B26D53BF-97F0-4100-AED9-366A42D0E24B}.Release|Any CPU.Build.0 = Release|Any CPU
	EndGlobalSection
	GlobalSection(SolutionProperties) = preSolution
		HideSolutionNode = FALSE
	EndGlobalSection
	GlobalSection(ExtensibilityGlobals) = postSolution
		SolutionGuid = {3A93272E-77E9-480C-B6DC-0CEAB1E85EEE}
	EndGlobalSection
EndGlobal
