
Microsoft Visual Studio Solution File, Format Version 12.00
# Visual Studio Version 17
VisualStudioVersion = 17.1.32407.343
MinimumVisualStudioVersion = 10.0.40219.1
Project("{9A19103F-16F7-4668-BE54-9A1E7A4F7556}") = "CharacterEditor", "CharacterEditor\CharacterEditor.csproj", "{72FB09DB-0C94-4645-B454-AB9A7A66B898}"
EndProject
Project("{9A19103F-16F7-4668-BE54-9A1E7A4F7556}") = "CharacterEditorCore", "CharacterEditorCore\CharacterEditorCore.csproj", "{DA91E9F3-889E-4352-8613-AA24A49CBCB4}"
EndProject
Project("{9A19103F-16F7-4668-BE54-9A1E7A4F7556}") = "CharacterEditorConsole", "CharacterEditorConsole\CharacterEditorConsole.csproj", "{2545BB34-B2F6-4B52-833B-C0264C88E3F0}"
	ProjectSection(ProjectDependencies) = postProject
		{DA91E9F3-889E-4352-8613-AA24A49CBCB4} = {DA91E9F3-889E-4352-8613-AA24A49CBCB4}
	EndProjectSection
EndProject
Project("{FAE04EC0-301F-11D3-BF4B-00C04F79EFBC}") = "CharacterEditorMongoDb", "CharacterEditorMongoDb\CharacterEditorMongoDb.csproj", "{B232BF80-BA01-43E6-A7AE-ADC15238073F}"
EndProject
Global
	GlobalSection(SolutionConfigurationPlatforms) = preSolution
		Debug|Any CPU = Debug|Any CPU
		Release|Any CPU = Release|Any CPU
	EndGlobalSection
	GlobalSection(ProjectConfigurationPlatforms) = postSolution
		{72FB09DB-0C94-4645-B454-AB9A7A66B898}.Debug|Any CPU.ActiveCfg = Debug|Any CPU
		{72FB09DB-0C94-4645-B454-AB9A7A66B898}.Debug|Any CPU.Build.0 = Debug|Any CPU
		{72FB09DB-0C94-4645-B454-AB9A7A66B898}.Release|Any CPU.ActiveCfg = Release|Any CPU
		{72FB09DB-0C94-4645-B454-AB9A7A66B898}.Release|Any CPU.Build.0 = Release|Any CPU
		{DA91E9F3-889E-4352-8613-AA24A49CBCB4}.Debug|Any CPU.ActiveCfg = Debug|Any CPU
		{DA91E9F3-889E-4352-8613-AA24A49CBCB4}.Debug|Any CPU.Build.0 = Debug|Any CPU
		{DA91E9F3-889E-4352-8613-AA24A49CBCB4}.Release|Any CPU.ActiveCfg = Release|Any CPU
		{DA91E9F3-889E-4352-8613-AA24A49CBCB4}.Release|Any CPU.Build.0 = Release|Any CPU
		{2545BB34-B2F6-4B52-833B-C0264C88E3F0}.Debug|Any CPU.ActiveCfg = Debug|Any CPU
		{2545BB34-B2F6-4B52-833B-C0264C88E3F0}.Debug|Any CPU.Build.0 = Debug|Any CPU
		{2545BB34-B2F6-4B52-833B-C0264C88E3F0}.Release|Any CPU.ActiveCfg = Release|Any CPU
		{2545BB34-B2F6-4B52-833B-C0264C88E3F0}.Release|Any CPU.Build.0 = Release|Any CPU
		{B232BF80-BA01-43E6-A7AE-ADC15238073F}.Debug|Any CPU.ActiveCfg = Debug|Any CPU
		{B232BF80-BA01-43E6-A7AE-ADC15238073F}.Debug|Any CPU.Build.0 = Debug|Any CPU
		{B232BF80-BA01-43E6-A7AE-ADC15238073F}.Release|Any CPU.ActiveCfg = Release|Any CPU
		{B232BF80-BA01-43E6-A7AE-ADC15238073F}.Release|Any CPU.Build.0 = Release|Any CPU
	EndGlobalSection
	GlobalSection(SolutionProperties) = preSolution
		HideSolutionNode = FALSE
	EndGlobalSection
	GlobalSection(ExtensibilityGlobals) = postSolution
		SolutionGuid = {B3D20F9F-F914-4D7C-BB71-5A4006C20680}
	EndGlobalSection
EndGlobal
