
Microsoft Visual Studio Solution File, Format Version 12.00
# Visual Studio Version 17
VisualStudioVersion = 17.2.32519.379
MinimumVisualStudioVersion = 10.0.40219.1
Project("{9A19103F-16F7-4668-BE54-9A1E7A4F7556}") = "GasWaterSupply", "GasWaterSupply\GasWaterSupply.csproj", "{C3657B17-B678-4804-901D-5B7BFC79868C}"
EndProject
Project("{9A19103F-16F7-4668-BE54-9A1E7A4F7556}") = "Core", "Core\Core.csproj", "{DCD6CB87-E293-47FB-93ED-6B09D30C8F48}"
EndProject
Global
	GlobalSection(SolutionConfigurationPlatforms) = preSolution
		Debug|Any CPU = Debug|Any CPU
		Release|Any CPU = Release|Any CPU
	EndGlobalSection
	GlobalSection(ProjectConfigurationPlatforms) = postSolution
		{C3657B17-B678-4804-901D-5B7BFC79868C}.Debug|Any CPU.ActiveCfg = Debug|Any CPU
		{C3657B17-B678-4804-901D-5B7BFC79868C}.Debug|Any CPU.Build.0 = Debug|Any CPU
		{C3657B17-B678-4804-901D-5B7BFC79868C}.Release|Any CPU.ActiveCfg = Release|Any CPU
		{C3657B17-B678-4804-901D-5B7BFC79868C}.Release|Any CPU.Build.0 = Release|Any CPU
		{DCD6CB87-E293-47FB-93ED-6B09D30C8F48}.Debug|Any CPU.ActiveCfg = Debug|Any CPU
		{DCD6CB87-E293-47FB-93ED-6B09D30C8F48}.Debug|Any CPU.Build.0 = Debug|Any CPU
		{DCD6CB87-E293-47FB-93ED-6B09D30C8F48}.Release|Any CPU.ActiveCfg = Release|Any CPU
		{DCD6CB87-E293-47FB-93ED-6B09D30C8F48}.Release|Any CPU.Build.0 = Release|Any CPU
	EndGlobalSection
	GlobalSection(SolutionProperties) = preSolution
		HideSolutionNode = FALSE
	EndGlobalSection
	GlobalSection(ExtensibilityGlobals) = postSolution
		SolutionGuid = {416339C4-5680-4226-AA18-B563EE1429B3}
	EndGlobalSection
EndGlobal
