
Microsoft Visual Studio Solution File, Format Version 12.00
# Visual Studio Version 17
VisualStudioVersion = 17.2.32630.192
MinimumVisualStudioVersion = 10.0.40219.1
Project("{9A19103F-16F7-4668-BE54-9A1E7A4F7556}") = "CharacterEditorCore", "CharacterEditorCore\CharacterEditorCore.csproj", "{18BA0450-8B0A-43E5-B516-6450706ABB0D}"
EndProject
Project("{9A19103F-16F7-4668-BE54-9A1E7A4F7556}") = "CharacterEditor", "CharacterEditor\CharacterEditor.csproj", "{285806A1-D52C-4996-89B2-9C80362AB110}"
EndProject
Global
	GlobalSection(SolutionConfigurationPlatforms) = preSolution
		Debug|Any CPU = Debug|Any CPU
		Release|Any CPU = Release|Any CPU
	EndGlobalSection
	GlobalSection(ProjectConfigurationPlatforms) = postSolution
		{18BA0450-8B0A-43E5-B516-6450706ABB0D}.Debug|Any CPU.ActiveCfg = Debug|Any CPU
		{18BA0450-8B0A-43E5-B516-6450706ABB0D}.Debug|Any CPU.Build.0 = Debug|Any CPU
		{18BA0450-8B0A-43E5-B516-6450706ABB0D}.Release|Any CPU.ActiveCfg = Release|Any CPU
		{18BA0450-8B0A-43E5-B516-6450706ABB0D}.Release|Any CPU.Build.0 = Release|Any CPU
		{285806A1-D52C-4996-89B2-9C80362AB110}.Debug|Any CPU.ActiveCfg = Debug|Any CPU
		{285806A1-D52C-4996-89B2-9C80362AB110}.Debug|Any CPU.Build.0 = Debug|Any CPU
		{285806A1-D52C-4996-89B2-9C80362AB110}.Release|Any CPU.ActiveCfg = Release|Any CPU
		{285806A1-D52C-4996-89B2-9C80362AB110}.Release|Any CPU.Build.0 = Release|Any CPU
	EndGlobalSection
	GlobalSection(SolutionProperties) = preSolution
		HideSolutionNode = FALSE
	EndGlobalSection
	GlobalSection(ExtensibilityGlobals) = postSolution
		SolutionGuid = {B0EF4476-EF5F-42E4-A06D-69E5C2ECE035}
	EndGlobalSection
EndGlobal
