
Microsoft Visual Studio Solution File, Format Version 12.00
# Visual Studio Version 17
VisualStudioVersion = 17.2.32526.322
MinimumVisualStudioVersion = 10.0.40219.1
Project("{9A19103F-16F7-4668-BE54-9A1E7A4F7556}") = "Editor.WPF", "Editor.WPF\Editor.WPF.csproj", "{C0860709-AF89-43EA-868C-4AFA8C1D0926}"
EndProject
Project("{9A19103F-16F7-4668-BE54-9A1E7A4F7556}") = "Editor.Core", "Editor.Core\Editor.Core.csproj", "{CC5FCC2B-07DD-4FD1-AC55-E01991978EA4}"
EndProject
Project("{FAE04EC0-301F-11D3-BF4B-00C04F79EFBC}") = "DataProvider", "DataProvider\DataProvider.csproj", "{04C38E96-4D02-4973-B1F4-0828A26BC89A}"
EndProject
Global
	GlobalSection(SolutionConfigurationPlatforms) = preSolution
		Debug|Any CPU = Debug|Any CPU
		Release|Any CPU = Release|Any CPU
	EndGlobalSection
	GlobalSection(ProjectConfigurationPlatforms) = postSolution
		{C0860709-AF89-43EA-868C-4AFA8C1D0926}.Debug|Any CPU.ActiveCfg = Debug|Any CPU
		{C0860709-AF89-43EA-868C-4AFA8C1D0926}.Debug|Any CPU.Build.0 = Debug|Any CPU
		{C0860709-AF89-43EA-868C-4AFA8C1D0926}.Release|Any CPU.ActiveCfg = Release|Any CPU
		{C0860709-AF89-43EA-868C-4AFA8C1D0926}.Release|Any CPU.Build.0 = Release|Any CPU
		{CC5FCC2B-07DD-4FD1-AC55-E01991978EA4}.Debug|Any CPU.ActiveCfg = Debug|Any CPU
		{CC5FCC2B-07DD-4FD1-AC55-E01991978EA4}.Debug|Any CPU.Build.0 = Debug|Any CPU
		{CC5FCC2B-07DD-4FD1-AC55-E01991978EA4}.Release|Any CPU.ActiveCfg = Release|Any CPU
		{CC5FCC2B-07DD-4FD1-AC55-E01991978EA4}.Release|Any CPU.Build.0 = Release|Any CPU
		{04C38E96-4D02-4973-B1F4-0828A26BC89A}.Debug|Any CPU.ActiveCfg = Debug|Any CPU
		{04C38E96-4D02-4973-B1F4-0828A26BC89A}.Debug|Any CPU.Build.0 = Debug|Any CPU
		{04C38E96-4D02-4973-B1F4-0828A26BC89A}.Release|Any CPU.ActiveCfg = Release|Any CPU
		{04C38E96-4D02-4973-B1F4-0828A26BC89A}.Release|Any CPU.Build.0 = Release|Any CPU
	EndGlobalSection
	GlobalSection(SolutionProperties) = preSolution
		HideSolutionNode = FALSE
	EndGlobalSection
	GlobalSection(ExtensibilityGlobals) = postSolution
		SolutionGuid = {C0EE5BBE-FD6A-4235-AA87-373DB445D7D9}
	EndGlobalSection
EndGlobal
