
Microsoft Visual Studio Solution File, Format Version 12.00
# Visual Studio Version 17
VisualStudioVersion = 17.3.32825.248
MinimumVisualStudioVersion = 10.0.40219.1
Project("{FAE04EC0-301F-11D3-BF4B-00C04F79EFBC}") = "AppWithInterface", "Interface\AppWithInterface.csproj", "{D25E16FC-7C0F-42D1-A528-E9456BDFA810}"
EndProject
Global
	GlobalSection(SolutionConfigurationPlatforms) = preSolution
		Debug|Any CPU = Debug|Any CPU
		Release|Any CPU = Release|Any CPU
	EndGlobalSection
	GlobalSection(ProjectConfigurationPlatforms) = postSolution
		{D25E16FC-7C0F-42D1-A528-E9456BDFA810}.Debug|Any CPU.ActiveCfg = Debug|Any CPU
		{D25E16FC-7C0F-42D1-A528-E9456BDFA810}.Debug|Any CPU.Build.0 = Debug|Any CPU
		{D25E16FC-7C0F-42D1-A528-E9456BDFA810}.Release|Any CPU.ActiveCfg = Release|Any CPU
		{D25E16FC-7C0F-42D1-A528-E9456BDFA810}.Release|Any CPU.Build.0 = Release|Any CPU
	EndGlobalSection
	GlobalSection(SolutionProperties) = preSolution
		HideSolutionNode = FALSE
	EndGlobalSection
	GlobalSection(ExtensibilityGlobals) = postSolution
		SolutionGuid = {E7542BA0-0865-459C-BF2D-2432B085F278}
	EndGlobalSection
EndGlobal
