
Microsoft Visual Studio Solution File, Format Version 12.00
Project("{FAE04EC0-301F-11D3-BF4B-00C04F79EFBC}") = "AuthorizationApp", "AuthorizationApp\AuthorizationApp.csproj", "{041D43B5-EA6B-443B-91D3-05C4A6B417B5}"
EndProject
Global
	GlobalSection(SolutionConfigurationPlatforms) = preSolution
		Debug|Any CPU = Debug|Any CPU
		Release|Any CPU = Release|Any CPU
	EndGlobalSection
	GlobalSection(ProjectConfigurationPlatforms) = postSolution
		{041D43B5-EA6B-443B-91D3-05C4A6B417B5}.Debug|Any CPU.ActiveCfg = Debug|Any CPU
		{041D43B5-EA6B-443B-91D3-05C4A6B417B5}.Debug|Any CPU.Build.0 = Debug|Any CPU
		{041D43B5-EA6B-443B-91D3-05C4A6B417B5}.Release|Any CPU.ActiveCfg = Release|Any CPU
		{041D43B5-EA6B-443B-91D3-05C4A6B417B5}.Release|Any CPU.Build.0 = Release|Any CPU
	EndGlobalSection
EndGlobal
