
Microsoft Visual Studio Solution File, Format Version 12.00
Project("{FAE04EC0-301F-11D3-BF4B-00C04F79EFBC}") = "Web", "Web\Web.csproj", "{9F95148A-135F-4B58-A617-058100EE38CD}"
EndProject
Project("{FAE04EC0-301F-11D3-BF4B-00C04F79EFBC}") = "Core", "Core\Core.csproj", "{C9D0F95F-F2B0-4DB4-AABC-CCABFF7DD8FB}"
EndProject
Global
	GlobalSection(SolutionConfigurationPlatforms) = preSolution
		Debug|Any CPU = Debug|Any CPU
		Release|Any CPU = Release|Any CPU
	EndGlobalSection
	GlobalSection(ProjectConfigurationPlatforms) = postSolution
		{9F95148A-135F-4B58-A617-058100EE38CD}.Debug|Any CPU.ActiveCfg = Debug|Any CPU
		{9F95148A-135F-4B58-A617-058100EE38CD}.Debug|Any CPU.Build.0 = Debug|Any CPU
		{9F95148A-135F-4B58-A617-058100EE38CD}.Release|Any CPU.ActiveCfg = Release|Any CPU
		{9F95148A-135F-4B58-A617-058100EE38CD}.Release|Any CPU.Build.0 = Release|Any CPU
		{C9D0F95F-F2B0-4DB4-AABC-CCABFF7DD8FB}.Debug|Any CPU.ActiveCfg = Debug|Any CPU
		{C9D0F95F-F2B0-4DB4-AABC-CCABFF7DD8FB}.Debug|Any CPU.Build.0 = Debug|Any CPU
		{C9D0F95F-F2B0-4DB4-AABC-CCABFF7DD8FB}.Release|Any CPU.ActiveCfg = Release|Any CPU
		{C9D0F95F-F2B0-4DB4-AABC-CCABFF7DD8FB}.Release|Any CPU.Build.0 = Release|Any CPU
	EndGlobalSection
EndGlobal
