
Microsoft Visual Studio Solution File, Format Version 12.00
# Visual Studio Version 17
VisualStudioVersion = 17.2.32519.379
MinimumVisualStudioVersion = 10.0.40219.1
Project("{FAE04EC0-301F-11D3-BF4B-00C04F79EFBC}") = "Authorization", "Authorization.csproj", "{3EE721E3-879F-4586-88BF-69B420113780}"
EndProject
Global
	GlobalSection(SolutionConfigurationPlatforms) = preSolution
		Debug|Any CPU = Debug|Any CPU
		Release|Any CPU = Release|Any CPU
	EndGlobalSection
	GlobalSection(ProjectConfigurationPlatforms) = postSolution
		{3EE721E3-879F-4586-88BF-69B420113780}.Debug|Any CPU.ActiveCfg = Debug|Any CPU
		{3EE721E3-879F-4586-88BF-69B420113780}.Debug|Any CPU.Build.0 = Debug|Any CPU
		{3EE721E3-879F-4586-88BF-69B420113780}.Release|Any CPU.ActiveCfg = Release|Any CPU
		{3EE721E3-879F-4586-88BF-69B420113780}.Release|Any CPU.Build.0 = Release|Any CPU
	EndGlobalSection
	GlobalSection(SolutionProperties) = preSolution
		HideSolutionNode = FALSE
	EndGlobalSection
	GlobalSection(ExtensibilityGlobals) = postSolution
		SolutionGuid = {DD0FD07F-44F3-4C9B-8706-B9C429F07AB4}
	EndGlobalSection
EndGlobal
