
Microsoft Visual Studio Solution File, Format Version 12.00
# Visual Studio Version 17
VisualStudioVersion = 17.2.32630.192
MinimumVisualStudioVersion = 10.0.40219.1
Project("{9A19103F-16F7-4668-BE54-9A1E7A4F7556}") = "WarCraftClone", "WarCraftClone\WarCraftClone.csproj", "{21C2EE9D-606C-40BB-A887-5C93F8985EB7}"
EndProject
Project("{9A19103F-16F7-4668-BE54-9A1E7A4F7556}") = "WarCraftCloneCore", "WarCraftCloneCore\WarCraftCloneCore.csproj", "{0BFD0833-6D4C-46D0-9991-FCA34F25CDE1}"
EndProject
Global
	GlobalSection(SolutionConfigurationPlatforms) = preSolution
		Debug|Any CPU = Debug|Any CPU
		Release|Any CPU = Release|Any CPU
	EndGlobalSection
	GlobalSection(ProjectConfigurationPlatforms) = postSolution
		{21C2EE9D-606C-40BB-A887-5C93F8985EB7}.Debug|Any CPU.ActiveCfg = Debug|Any CPU
		{21C2EE9D-606C-40BB-A887-5C93F8985EB7}.Debug|Any CPU.Build.0 = Debug|Any CPU
		{21C2EE9D-606C-40BB-A887-5C93F8985EB7}.Release|Any CPU.ActiveCfg = Release|Any CPU
		{21C2EE9D-606C-40BB-A887-5C93F8985EB7}.Release|Any CPU.Build.0 = Release|Any CPU
		{0BFD0833-6D4C-46D0-9991-FCA34F25CDE1}.Debug|Any CPU.ActiveCfg = Debug|Any CPU
		{0BFD0833-6D4C-46D0-9991-FCA34F25CDE1}.Debug|Any CPU.Build.0 = Debug|Any CPU
		{0BFD0833-6D4C-46D0-9991-FCA34F25CDE1}.Release|Any CPU.ActiveCfg = Release|Any CPU
		{0BFD0833-6D4C-46D0-9991-FCA34F25CDE1}.Release|Any CPU.Build.0 = Release|Any CPU
	EndGlobalSection
	GlobalSection(SolutionProperties) = preSolution
		HideSolutionNode = FALSE
	EndGlobalSection
	GlobalSection(ExtensibilityGlobals) = postSolution
		SolutionGuid = {0BFE60D8-CAC4-4ED8-B495-A6ACE22E3D59}
	EndGlobalSection
EndGlobal
