
Microsoft Visual Studio Solution File, Format Version 12.00
# Visual Studio Version 17
VisualStudioVersion = 17.2.32519.379
MinimumVisualStudioVersion = 10.0.40219.1
Project("{9A19103F-16F7-4668-BE54-9A1E7A4F7556}") = "MethodsHordAndTangent", "MethodsHordAndTangent.csproj", "{FAC883BC-2227-435B-977B-7A71A86976BF}"
EndProject
Global
	GlobalSection(SolutionConfigurationPlatforms) = preSolution
		Debug|Any CPU = Debug|Any CPU
		Release|Any CPU = Release|Any CPU
	EndGlobalSection
	GlobalSection(ProjectConfigurationPlatforms) = postSolution
		{FAC883BC-2227-435B-977B-7A71A86976BF}.Debug|Any CPU.ActiveCfg = Debug|Any CPU
		{FAC883BC-2227-435B-977B-7A71A86976BF}.Debug|Any CPU.Build.0 = Debug|Any CPU
		{FAC883BC-2227-435B-977B-7A71A86976BF}.Release|Any CPU.ActiveCfg = Release|Any CPU
		{FAC883BC-2227-435B-977B-7A71A86976BF}.Release|Any CPU.Build.0 = Release|Any CPU
	EndGlobalSection
	GlobalSection(SolutionProperties) = preSolution
		HideSolutionNode = FALSE
	EndGlobalSection
	GlobalSection(ExtensibilityGlobals) = postSolution
		SolutionGuid = {69413F8F-A8FA-4FD2-A32F-FED75252EFFB}
	EndGlobalSection
EndGlobal
