
Microsoft Visual Studio Solution File, Format Version 12.00
# Visual Studio Version 17
VisualStudioVersion = 17.2.32526.322
MinimumVisualStudioVersion = 10.0.40219.1
Project("{9A19103F-16F7-4668-BE54-9A1E7A4F7556}") = "WarCraft_3_ConsoleEdition", "\NAS36D451\user-domain$\stud\202011\Downloads\WarCraft_3_ConsoleEdition\WarCraft_3_ConsoleEdition\WarCraft_3_ConsoleEdition.csproj", "{0C310706-42CC-42EE-8C65-3261259C286C}"
EndProject
Global
	GlobalSection(SolutionConfigurationPlatforms) = preSolution
		Debug|Any CPU = Debug|Any CPU
		Release|Any CPU = Release|Any CPU
	EndGlobalSection
	GlobalSection(ProjectConfigurationPlatforms) = postSolution
		{0C310706-42CC-42EE-8C65-3261259C286C}.Debug|Any CPU.ActiveCfg = Debug|Any CPU
		{0C310706-42CC-42EE-8C65-3261259C286C}.Debug|Any CPU.Build.0 = Debug|Any CPU
		{0C310706-42CC-42EE-8C65-3261259C286C}.Release|Any CPU.ActiveCfg = Release|Any CPU
		{0C310706-42CC-42EE-8C65-3261259C286C}.Release|Any CPU.Build.0 = Release|Any CPU
	EndGlobalSection
	GlobalSection(SolutionProperties) = preSolution
		HideSolutionNode = FALSE
	EndGlobalSection
	GlobalSection(ExtensibilityGlobals) = postSolution
		SolutionGuid = {89984F9F-FB13-4F16-B140-C7E7BC70582A}
	EndGlobalSection
EndGlobal
