
Microsoft Visual Studio Solution File, Format Version 12.00
# Visual Studio Version 17
VisualStudioVersion = 17.2.32519.379
MinimumVisualStudioVersion = 10.0.40219.1
Project("{FAE04EC0-301F-11D3-BF4B-00C04F79EFBC}") = "Users", "Users.csproj", "{14856926-4F61-4A20-A34D-A89D19F112DF}"
EndProject
Global
	GlobalSection(SolutionConfigurationPlatforms) = preSolution
		Debug|Any CPU = Debug|Any CPU
		Release|Any CPU = Release|Any CPU
	EndGlobalSection
	GlobalSection(ProjectConfigurationPlatforms) = postSolution
		{14856926-4F61-4A20-A34D-A89D19F112DF}.Debug|Any CPU.ActiveCfg = Debug|Any CPU
		{14856926-4F61-4A20-A34D-A89D19F112DF}.Debug|Any CPU.Build.0 = Debug|Any CPU
		{14856926-4F61-4A20-A34D-A89D19F112DF}.Release|Any CPU.ActiveCfg = Release|Any CPU
		{14856926-4F61-4A20-A34D-A89D19F112DF}.Release|Any CPU.Build.0 = Release|Any CPU
	EndGlobalSection
	GlobalSection(SolutionProperties) = preSolution
		HideSolutionNode = FALSE
	EndGlobalSection
	GlobalSection(ExtensibilityGlobals) = postSolution
		SolutionGuid = {0BFB5FEB-E2D0-421B-A9A6-F8676C485958}
	EndGlobalSection
EndGlobal
