
Microsoft Visual Studio Solution File, Format Version 12.00
# Visual Studio Version 17
VisualStudioVersion = 17.2.32519.379
MinimumVisualStudioVersion = 10.0.40219.1
Project("{FAE04EC0-301F-11D3-BF4B-00C04F79EFBC}") = "HalfSolutionMethod", "HalfSolutionMethod.csproj", "{69C23F87-EDB0-4336-8AC7-D0E86B11F126}"
EndProject
Global
	GlobalSection(SolutionConfigurationPlatforms) = preSolution
		Debug|Any CPU = Debug|Any CPU
		Release|Any CPU = Release|Any CPU
	EndGlobalSection
	GlobalSection(ProjectConfigurationPlatforms) = postSolution
		{69C23F87-EDB0-4336-8AC7-D0E86B11F126}.Debug|Any CPU.ActiveCfg = Debug|Any CPU
		{69C23F87-EDB0-4336-8AC7-D0E86B11F126}.Debug|Any CPU.Build.0 = Debug|Any CPU
		{69C23F87-EDB0-4336-8AC7-D0E86B11F126}.Release|Any CPU.ActiveCfg = Release|Any CPU
		{69C23F87-EDB0-4336-8AC7-D0E86B11F126}.Release|Any CPU.Build.0 = Release|Any CPU
	EndGlobalSection
	GlobalSection(SolutionProperties) = preSolution
		HideSolutionNode = FALSE
	EndGlobalSection
	GlobalSection(ExtensibilityGlobals) = postSolution
		SolutionGuid = {CC9BF01B-C38B-4F07-8191-CA3E27D4EDCB}
	EndGlobalSection
EndGlobal
