
Microsoft Visual Studio Solution File, Format Version 12.00
Project("{FAE04EC0-301F-11D3-BF4B-00C04F79EFBC}") = "RTS.Core", "RTS.Core\RTS.Core.csproj", "{DAD280E0-E8DD-4686-B882-30A8F927E3D1}"
EndProject
Project("{FAE04EC0-301F-11D3-BF4B-00C04F79EFBC}") = "RTS.ConsoleGame", "RTS.ConsoleGame\RTS.ConsoleGame.csproj", "{77F5BCDD-558D-44BA-A93D-6B37FBBB3DF8}"
EndProject
Global
	GlobalSection(SolutionConfigurationPlatforms) = preSolution
		Debug|Any CPU = Debug|Any CPU
		Release|Any CPU = Release|Any CPU
	EndGlobalSection
	GlobalSection(ProjectConfigurationPlatforms) = postSolution
		{DAD280E0-E8DD-4686-B882-30A8F927E3D1}.Debug|Any CPU.ActiveCfg = Debug|Any CPU
		{DAD280E0-E8DD-4686-B882-30A8F927E3D1}.Debug|Any CPU.Build.0 = Debug|Any CPU
		{DAD280E0-E8DD-4686-B882-30A8F927E3D1}.Release|Any CPU.ActiveCfg = Release|Any CPU
		{DAD280E0-E8DD-4686-B882-30A8F927E3D1}.Release|Any CPU.Build.0 = Release|Any CPU
		{77F5BCDD-558D-44BA-A93D-6B37FBBB3DF8}.Debug|Any CPU.ActiveCfg = Debug|Any CPU
		{77F5BCDD-558D-44BA-A93D-6B37FBBB3DF8}.Debug|Any CPU.Build.0 = Debug|Any CPU
		{77F5BCDD-558D-44BA-A93D-6B37FBBB3DF8}.Release|Any CPU.ActiveCfg = Release|Any CPU
		{77F5BCDD-558D-44BA-A93D-6B37FBBB3DF8}.Release|Any CPU.Build.0 = Release|Any CPU
	EndGlobalSection
EndGlobal
