
Microsoft Visual Studio Solution File, Format Version 12.00
# Visual Studio Version 17
VisualStudioVersion = 17.2.32526.322
MinimumVisualStudioVersion = 10.0.40219.1
Project("{9A19103F-16F7-4668-BE54-9A1E7A4F7556}") = "CharacterEditorWPF", "CharacterEditorWPF\CharacterEditorWPF.csproj", "{ACECE048-6EE2-49BF-8B05-ADD00AC84009}"
EndProject
Project("{FAE04EC0-301F-11D3-BF4B-00C04F79EFBC}") = "CharacterEditorCore", "CharacterEditorCore\CharacterEditorCore.csproj", "{D35999B5-8527-4560-951C-050C26D7BA07}"
EndProject
Global
	GlobalSection(SolutionConfigurationPlatforms) = preSolution
		Debug|Any CPU = Debug|Any CPU
		Debug|ARM = Debug|ARM
		Debug|ARM64 = Debug|ARM64
		Debug|x64 = Debug|x64
		Debug|x86 = Debug|x86
		Release|Any CPU = Release|Any CPU
		Release|ARM = Release|ARM
		Release|ARM64 = Release|ARM64
		Release|x64 = Release|x64
		Release|x86 = Release|x86
	EndGlobalSection
	GlobalSection(ProjectConfigurationPlatforms) = postSolution
		{ACECE048-6EE2-49BF-8B05-ADD00AC84009}.Debug|Any CPU.ActiveCfg = Debug|Any CPU
		{ACECE048-6EE2-49BF-8B05-ADD00AC84009}.Debug|Any CPU.Build.0 = Debug|Any CPU
		{ACECE048-6EE2-49BF-8B05-ADD00AC84009}.Debug|ARM.ActiveCfg = Debug|Any CPU
		{ACECE048-6EE2-49BF-8B05-ADD00AC84009}.Debug|ARM.Build.0 = Debug|Any CPU
		{ACECE048-6EE2-49BF-8B05-ADD00AC84009}.Debug|ARM64.ActiveCfg = Debug|Any CPU
		{ACECE048-6EE2-49BF-8B05-ADD00AC84009}.Debug|ARM64.Build.0 = Debug|Any CPU
		{ACECE048-6EE2-49BF-8B05-ADD00AC84009}.Debug|x64.ActiveCfg = Debug|Any CPU
		{ACECE048-6EE2-49BF-8B05-ADD00AC84009}.Debug|x64.Build.0 = Debug|Any CPU
		{ACECE048-6EE2-49BF-8B05-ADD00AC84009}.Debug|x86.ActiveCfg = Debug|Any CPU
		{ACECE048-6EE2-49BF-8B05-ADD00AC84009}.Debug|x86.Build.0 = Debug|Any CPU
		{ACECE048-6EE2-49BF-8B05-ADD00AC84009}.Release|Any CPU.ActiveCfg = Release|Any CPU
		{ACECE048-6EE2-49BF-8B05-ADD00AC84009}.Release|Any CPU.Build.0 = Release|Any CPU
		{ACECE048-6EE2-49BF-8B05-ADD00AC84009}.Release|ARM.ActiveCfg = Release|Any CPU
		{ACECE048-6EE2-49BF-8B05-ADD00AC84009}.Release|ARM.Build.0 = Release|Any CPU
		{ACECE048-6EE2-49BF-8B05-ADD00AC84009}.Release|ARM64.ActiveCfg = Release|Any CPU
		{ACECE048-6EE2-49BF-8B05-ADD00AC84009}.Release|ARM64.Build.0 = Release|Any CPU
		{ACECE048-6EE2-49BF-8B05-ADD00AC84009}.Release|x64.ActiveCfg = Release|Any CPU
		{ACECE048-6EE2-49BF-8B05-ADD00AC84009}.Release|x64.Build.0 = Release|Any CPU
		{ACECE048-6EE2-49BF-8B05-ADD00AC84009}.Release|x86.ActiveCfg = Release|Any CPU
		{ACECE048-6EE2-49BF-8B05-ADD00AC84009}.Release|x86.Build.0 = Release|Any CPU
		{D35999B5-8527-4560-951C-050C26D7BA07}.Debug|Any CPU.ActiveCfg = Debug|Any CPU
		{D35999B5-8527-4560-951C-050C26D7BA07}.Debug|Any CPU.Build.0 = Debug|Any CPU
		{D35999B5-8527-4560-951C-050C26D7BA07}.Debug|ARM.ActiveCfg = Debug|Any CPU
		{D35999B5-8527-4560-951C-050C26D7BA07}.Debug|ARM.Build.0 = Debug|Any CPU
		{D35999B5-8527-4560-951C-050C26D7BA07}.Debug|ARM64.ActiveCfg = Debug|Any CPU
		{D35999B5-8527-4560-951C-050C26D7BA07}.Debug|ARM64.Build.0 = Debug|Any CPU
		{D35999B5-8527-4560-951C-050C26D7BA07}.Debug|x64.ActiveCfg = Debug|Any CPU
		{D35999B5-8527-4560-951C-050C26D7BA07}.Debug|x64.Build.0 = Debug|Any CPU
		{D35999B5-8527-4560-951C-050C26D7BA07}.Debug|x86.ActiveCfg = Debug|Any CPU
		{D35999B5-8527-4560-951C-050C26D7BA07}.Debug|x86.Build.0 = Debug|Any CPU
		{D35999B5-8527-4560-951C-050C26D7BA07}.Release|Any CPU.ActiveCfg = Release|Any CPU
		{D35999B5-8527-4560-951C-050C26D7BA07}.Release|Any CPU.Build.0 = Release|Any CPU
		{D35999B5-8527-4560-951C-050C26D7BA07}.Release|ARM.ActiveCfg = Release|Any CPU
		{D35999B5-8527-4560-951C-050C26D7BA07}.Release|ARM.Build.0 = Release|Any CPU
		{D35999B5-8527-4560-951C-050C26D7BA07}.Release|ARM64.ActiveCfg = Release|Any CPU
		{D35999B5-8527-4560-951C-050C26D7BA07}.Release|ARM64.Build.0 = Release|Any CPU
		{D35999B5-8527-4560-951C-050C26D7BA07}.Release|x64.ActiveCfg = Release|Any CPU
		{D35999B5-8527-4560-951C-050C26D7BA07}.Release|x64.Build.0 = Release|Any CPU
		{D35999B5-8527-4560-951C-050C26D7BA07}.Release|x86.ActiveCfg = Release|Any CPU
		{D35999B5-8527-4560-951C-050C26D7BA07}.Release|x86.Build.0 = Release|Any CPU
	EndGlobalSection
	GlobalSection(SolutionProperties) = preSolution
		HideSolutionNode = FALSE
	EndGlobalSection
	GlobalSection(ExtensibilityGlobals) = postSolution
		SolutionGuid = {40ED33E9-A4E6-4E1A-BD24-F126C900A477}
	EndGlobalSection
EndGlobal
